// !$*UTF8*$!
{
	archiveVersion = 1;
	classes = {
	};
	objectVersion = 56;
	objects = {

/* Begin PBXBuildFile section */
		A05C824228DA5B2600B2EDAB /* AppDelegate.swift in Sources */ = {isa = PBXBuildFile; fileRef = A05C824128DA5B2600B2EDAB /* AppDelegate.swift */; };
		A05C824428DA5B2600B2EDAB /* SceneDelegate.swift in Sources */ = {isa = PBXBuildFile; fileRef = A05C824328DA5B2600B2EDAB /* SceneDelegate.swift */; };
		A05C824628DA5B2600B2EDAB /* ViewController.swift in Sources */ = {isa = PBXBuildFile; fileRef = A05C824528DA5B2600B2EDAB /* ViewController.swift */; };
		A05C824928DA5B2600B2EDAB /* Main.storyboard in Resources */ = {isa = PBXBuildFile; fileRef = A05C824728DA5B2600B2EDAB /* Main.storyboard */; };
		A05C824B28DA5B2700B2EDAB /* Assets.xcassets in Resources */ = {isa = PBXBuildFile; fileRef = A05C824A28DA5B2700B2EDAB /* Assets.xcassets */; };
		A05C824E28DA5B2700B2EDAB /* LaunchScreen.storyboard in Resources */ = {isa = PBXBuildFile; fileRef = A05C824C28DA5B2700B2EDAB /* LaunchScreen.storyboard */; };
		A05C825928DA5B2700B2EDAB /* I_am_RichTests.swift in Sources */ = {isa = PBXBuildFile; fileRef = A05C825828DA5B2700B2EDAB /* I_am_RichTests.swift */; };
		A05C826328DA5B2700B2EDAB /* I_am_RichUITests.swift in Sources */ = {isa = PBXBuildFile; fileRef = A05C826228DA5B2700B2EDAB /* I_am_RichUITests.swift */; };
		A05C826528DA5B2700B2EDAB /* I_am_RichUITestsLaunchTests.swift in Sources */ = {isa = PBXBuildFile; fileRef = A05C826428DA5B2700B2EDAB /* I_am_RichUITestsLaunchTests.swift */; };
/* End PBXBuildFile section */

/* Begin PBXContainerItemProxy section */
		A05C825528DA5B2700B2EDAB /* PBXContainerItemProxy */ = {
			isa = PBXContainerItemProxy;
			containerPortal = A05C823628DA5B2600B2EDAB /* Project object */;
			proxyType = 1;
			remoteGlobalIDString = A05C823D28DA5B2600B2EDAB;
			remoteInfo = "I am Rich";
		};
		A05C825F28DA5B2700B2EDAB /* PBXContainerItemProxy */ = {
			isa = PBXContainerItemProxy;
			containerPortal = A05C823628DA5B2600B2EDAB /* Project object */;
			proxyType = 1;
			remoteGlobalIDString = A05C823D28DA5B2600B2EDAB;
			remoteInfo = "I am Rich";
		};
/* End PBXContainerItemProxy section */

/* Begin PBXFileReference section */
		A05C823E28DA5B2600B2EDAB /* I am Rich.app */ = {isa = PBXFileReference; explicitFileType = wrapper.application; includeInIndex = 0; path = "I am Rich.app"; sourceTree = BUILT_PRODUCTS_DIR; };
		A05C824128DA5B2600B2EDAB /* AppDelegate.swift */ = {isa = PBXFileReference; lastKnownFileType = sourcecode.swift; path = AppDelegate.swift; sourceTree = "<group>"; };
		A05C824328DA5B2600B2EDAB /* SceneDelegate.swift */ = {isa = PBXFileReference; lastKnownFileType = sourcecode.swift; path = SceneDelegate.swift; sourceTree = "<group>"; };
		A05C824528DA5B2600B2EDAB /* ViewController.swift */ = {isa = PBXFileReference; lastKnownFileType = sourcecode.swift; path = ViewController.swift; sourceTree = "<group>"; };
		A05C824828DA5B2600B2EDAB /* Base */ = {isa = PBXFileReference; lastKnownFileType = file.storyboard; name = Base; path = Base.lproj/Main.storyboard; sourceTree = "<group>"; };
		A05C824A28DA5B2700B2EDAB /* Assets.xcassets */ = {isa = PBXFileReference; lastKnownFileType = folder.assetcatalog; path = Assets.xcassets; sourceTree = "<group>"; };
		A05C824D28DA5B2700B2EDAB /* Base */ = {isa = PBXFileReference; lastKnownFileType = file.storyboard; name = Base; path = Base.lproj/LaunchScreen.storyboard; sourceTree = "<group>"; };
		A05C824F28DA5B2700B2EDAB /* Info.plist */ = {isa = PBXFileReference; lastKnownFileType = text.plist.xml; path = Info.plist; sourceTree = "<group>"; };
		A05C825428DA5B2700B2EDAB /* I am RichTests.xctest */ = {isa = PBXFileReference; explicitFileType = wrapper.cfbundle; includeInIndex = 0; path = "I am RichTests.xctest"; sourceTree = BUILT_PRODUCTS_DIR; };
		A05C825828DA5B2700B2EDAB /* I_am_RichTests.swift */ = {isa = PBXFileReference; lastKnownFileType = sourcecode.swift; path = I_am_RichTests.swift; sourceTree = "<group>"; };
		A05C825E28DA5B2700B2EDAB /* I am RichUITests.xctest */ = {isa = PBXFileReference; explicitFileType = wrapper.cfbundle; includeInIndex = 0; path = "I am RichUITests.xctest"; sourceTree = BUILT_PRODUCTS_DIR; };
		A05C826228DA5B2700B2EDAB /* I_am_RichUITests.swift */ = {isa = PBXFileReference; lastKnownFileType = sourcecode.swift; path = I_am_RichUITests.swift; sourceTree = "<group>"; };
		A05C826428DA5B2700B2EDAB /* I_am_RichUITestsLaunchTests.swift */ = {isa = PBXFileReference; lastKnownFileType = sourcecode.swift; path = I_am_RichUITestsLaunchTests.swift; sourceTree = "<group>"; };
/* End PBXFileReference section */

/* Begin PBXFrameworksBuildPhase section */
		A05C823B28DA5B2600B2EDAB /* Frameworks */ = {
			isa = PBXFrameworksBuildPhase;
			buildActionMask = 2147483647;
			files = (
			);
			runOnlyForDeploymentPostprocessing = 0;
		};
		A05C825128DA5B2700B2EDAB /* Frameworks */ = {
			isa = PBXFrameworksBuildPhase;
			buildActionMask = 2147483647;
			files = (
			);
			runOnlyForDeploymentPostprocessing = 0;
		};
		A05C825B28DA5B2700B2EDAB /* Frameworks */ = {
			isa = PBXFrameworksBuildPhase;
			buildActionMask = 2147483647;
			files = (
			);
			runOnlyForDeploymentPostprocessing = 0;
		};
/* End PBXFrameworksBuildPhase section */

/* Begin PBXGroup section */
		A05C823528DA5B2600B2EDAB = {
			isa = PBXGroup;
			children = (
				A05C824028DA5B2600B2EDAB /* I am Rich */,
				A05C825728DA5B2700B2EDAB /* I am RichTests */,
				A05C826128DA5B2700B2EDAB /* I am RichUITests */,
				A05C823F28DA5B2600B2EDAB /* Products */,
			);
			sourceTree = "<group>";
		};
		A05C823F28DA5B2600B2EDAB /* Products */ = {
			isa = PBXGroup;
			children = (
				A05C823E28DA5B2600B2EDAB /* I am Rich.app */,
				A05C825428DA5B2700B2EDAB /* I am RichTests.xctest */,
				A05C825E28DA5B2700B2EDAB /* I am RichUITests.xctest */,
			);
			name = Products;
			sourceTree = "<group>";
		};
		A05C824028DA5B2600B2EDAB /* I am Rich */ = {
			isa = PBXGroup;
			children = (
				A05C824128DA5B2600B2EDAB /* AppDelegate.swift */,
				A05C824328DA5B2600B2EDAB /* SceneDelegate.swift */,
				A05C824528DA5B2600B2EDAB /* ViewController.swift */,
				A05C824728DA5B2600B2EDAB /* Main.storyboard */,
				A05C824A28DA5B2700B2EDAB /* Assets.xcassets */,
				A05C824C28DA5B2700B2EDAB /* LaunchScreen.storyboard */,
				A05C824F28DA5B2700B2EDAB /* Info.plist */,
			);
			path = "I am Rich";
			sourceTree = "<group>";
		};
		A05C825728DA5B2700B2EDAB /* I am RichTests */ = {
			isa = PBXGroup;
			children = (
				A05C825828DA5B2700B2EDAB /* I_am_RichTests.swift */,
			);
			path = "I am RichTests";
			sourceTree = "<group>";
		};
		A05C826128DA5B2700B2EDAB /* I am RichUITests */ = {
			isa = PBXGroup;
			children = (
				A05C826228DA5B2700B2EDAB /* I_am_RichUITests.swift */,
				A05C826428DA5B2700B2EDAB /* I_am_RichUITestsLaunchTests.swift */,
			);
			path = "I am RichUITests";
			sourceTree = "<group>";
		};
/* End PBXGroup section */

/* Begin PBXNativeTarget section */
		A05C823D28DA5B2600B2EDAB /* I am Rich */ = {
			isa = PBXNativeTarget;
			buildConfigurationList = A05C826828DA5B2700B2EDAB /* Build configuration list for PBXNativeTarget "I am Rich" */;
			buildPhases = (
				A05C823A28DA5B2600B2EDAB /* Sources */,
				A05C823B28DA5B2600B2EDAB /* Frameworks */,
				A05C823C28DA5B2600B2EDAB /* Resources */,
			);
			buildRules = (
			);
			dependencies = (
			);
			name = "I am Rich";
			productName = "I am Rich";
			productReference = A05C823E28DA5B2600B2EDAB /* I am Rich.app */;
			productType = "com.apple.product-type.application";
		};
		A05C825328DA5B2700B2EDAB /* I am RichTests */ = {
			isa = PBXNativeTarget;
			buildConfigurationList = A05C826B28DA5B2700B2EDAB /* Build configuration list for PBXNativeTarget "I am RichTests" */;
			buildPhases = (
				A05C825028DA5B2700B2EDAB /* Sources */,
				A05C825128DA5B2700B2EDAB /* Frameworks */,
				A05C825228DA5B2700B2EDAB /* Resources */,
			);
			buildRules = (
			);
			dependencies = (
				A05C825628DA5B2700B2EDAB /* PBXTargetDependency */,
			);
			name = "I am RichTests";
			productName = "I am RichTests";
			productReference = A05C825428DA5B2700B2EDAB /* I am RichTests.xctest */;
			productType = "com.apple.product-type.bundle.unit-test";
		};
		A05C825D28DA5B2700B2EDAB /* I am RichUITests */ = {
			isa = PBXNativeTarget;
			buildConfigurationList = A05C826E28DA5B2700B2EDAB /* Build configuration list for PBXNativeTarget "I am RichUITests" */;
			buildPhases = (
				A05C825A28DA5B2700B2EDAB /* Sources */,
				A05C825B28DA5B2700B2EDAB /* Frameworks */,
				A05C825C28DA5B2700B2EDAB /* Resources */,
			);
			buildRules = (
			);
			dependencies = (
				A05C826028DA5B2700B2EDAB /* PBXTargetDependency */,
			);
			name = "I am RichUITests";
			productName = "I am RichUITests";
			productReference = A05C825E28DA5B2700B2EDAB /* I am RichUITests.xctest */;
			productType = "com.apple.product-type.bundle.ui-testing";
		};
/* End PBXNativeTarget section */

/* Begin PBXProject section */
		A05C823628DA5B2600B2EDAB /* Project object */ = {
			isa = PBXProject;
			attributes = {
				BuildIndependentTargetsInParallel = 1;
				LastSwiftUpdateCheck = 1400;
				LastUpgradeCheck = 1400;
				TargetAttributes = {
					A05C823D28DA5B2600B2EDAB = {
						CreatedOnToolsVersion = 14.0;
					};
					A05C825328DA5B2700B2EDAB = {
						CreatedOnToolsVersion = 14.0;
						TestTargetID = A05C823D28DA5B2600B2EDAB;
					};
					A05C825D28DA5B2700B2EDAB = {
						CreatedOnToolsVersion = 14.0;
						TestTargetID = A05C823D28DA5B2600B2EDAB;
					};
				};
			};
			buildConfigurationList = A05C823928DA5B2600B2EDAB /* Build configuration list for PBXProject "I am Rich" */;
			compatibilityVersion = "Xcode 14.0";
			developmentRegion = en;
			hasScannedForEncodings = 0;
			knownRegions = (
				en,
				Base,
			);
			mainGroup = A05C823528DA5B2600B2EDAB;
			productRefGroup = A05C823F28DA5B2600B2EDAB /* Products */;
			projectDirPath = "";
			projectRoot = "";
			targets = (
				A05C823D28DA5B2600B2EDAB /* I am Rich */,
				A05C825328DA5B2700B2EDAB /* I am RichTests */,
				A05C825D28DA5B2700B2EDAB /* I am RichUITests */,
			);
		};
/* End PBXProject section */

/* Begin PBXResourcesBuildPhase section */
		A05C823C28DA5B2600B2EDAB /* Resources */ = {
			isa = PBXResourcesBuildPhase;
			buildActionMask = 2147483647;
			files = (
				A05C824E28DA5B2700B2EDAB /* LaunchScreen.storyboard in Resources */,
				A05C824B28DA5B2700B2EDAB /* Assets.xcassets in Resources */,
				A05C824928DA5B2600B2EDAB /* Main.storyboard in Resources */,
			);
			runOnlyForDeploymentPostprocessing = 0;
		};
		A05C825228DA5B2700B2EDAB /* Resources */ = {
			isa = PBXResourcesBuildPhase;
			buildActionMask = 2147483647;
			files = (
			);
			runOnlyForDeploymentPostprocessing = 0;
		};
		A05C825C28DA5B2700B2EDAB /* Resources */ = {
			isa = PBXResourcesBuildPhase;
			buildActionMask = 2147483647;
			files = (
			);
			runOnlyForDeploymentPostprocessing = 0;
		};
/* End PBXResourcesBuildPhase section */

/* Begin PBXSourcesBuildPhase section */
		A05C823A28DA5B2600B2EDAB /* Sources */ = {
			isa = PBXSourcesBuildPhase;
			buildActionMask = 2147483647;
			files = (
				A05C824628DA5B2600B2EDAB /* ViewController.swift in Sources */,
				A05C824228DA5B2600B2EDAB /* AppDelegate.swift in Sources */,
				A05C824428DA5B2600B2EDAB /* SceneDelegate.swift in Sources */,
			);
			runOnlyForDeploymentPostprocessing = 0;
		};
		A05C825028DA5B2700B2EDAB /* Sources */ = {
			isa = PBXSourcesBuildPhase;
			buildActionMask = 2147483647;
			files = (
				A05C825928DA5B2700B2EDAB /* I_am_RichTests.swift in Sources */,
			);
			runOnlyForDeploymentPostprocessing = 0;
		};
		A05C825A28DA5B2700B2EDAB /* Sources */ = {
			isa = PBXSourcesBuildPhase;
			buildActionMask = 2147483647;
			files = (
				A05C826528DA5B2700B2EDAB /* I_am_RichUITestsLaunchTests.swift in Sources */,
				A05C826328DA5B2700B2EDAB /* I_am_RichUITests.swift in Sources */,
			);
			runOnlyForDeploymentPostprocessing = 0;
		};
/* End PBXSourcesBuildPhase section */

/* Begin PBXTargetDependency section */
		A05C825628DA5B2700B2EDAB /* PBXTargetDependency */ = {
			isa = PBXTargetDependency;
			target = A05C823D28DA5B2600B2EDAB /* I am Rich */;
			targetProxy = A05C825528DA5B2700B2EDAB /* PBXContainerItemProxy */;
		};
		A05C826028DA5B2700B2EDAB /* PBXTargetDependency */ = {
			isa = PBXTargetDependency;
			target = A05C823D28DA5B2600B2EDAB /* I am Rich */;
			targetProxy = A05C825F28DA5B2700B2EDAB /* PBXContainerItemProxy */;
		};
/* End PBXTargetDependency section */

/* Begin PBXVariantGroup section */
		A05C824728DA5B2600B2EDAB /* Main.storyboard */ = {
			isa = PBXVariantGroup;
			children = (
				A05C824828DA5B2600B2EDAB /* Base */,
			);
			name = Main.storyboard;
			sourceTree = "<group>";
		};
		A05C824C28DA5B2700B2EDAB /* LaunchScreen.storyboard */ = {
			isa = PBXVariantGroup;
			children = (
				A05C824D28DA5B2700B2EDAB /* Base */,
			);
			name = LaunchScreen.storyboard;
			sourceTree = "<group>";
		};
/* End PBXVariantGroup section */

/* Begin XCBuildConfiguration section */
		A05C826628DA5B2700B2EDAB /* Debug */ = {
			isa = XCBuildConfiguration;
			buildSettings = {
				ALWAYS_SEARCH_USER_PATHS = NO;
				CLANG_ANALYZER_NONNULL = YES;
				CLANG_ANALYZER_NUMBER_OBJECT_CONVERSION = YES_AGGRESSIVE;
				CLANG_CXX_LANGUAGE_STANDARD = "gnu++20";
				CLANG_ENABLE_MODULES = YES;
				CLANG_ENABLE_OBJC_ARC = YES;
				CLANG_ENABLE_OBJC_WEAK = YES;
				CLANG_WARN_BLOCK_CAPTURE_AUTORELEASING = YES;
				CLANG_WARN_BOOL_CONVERSION = YES;
				CLANG_WARN_COMMA = YES;
				CLANG_WARN_CONSTANT_CONVERSION = YES;
				CLANG_WARN_DEPRECATED_OBJC_IMPLEMENTATIONS = YES;
				CLANG_WARN_DIRECT_OBJC_ISA_USAGE = YES_ERROR;
				CLANG_WARN_DOCUMENTATION_COMMENTS = YES;
				CLANG_WARN_EMPTY_BODY = YES;
				CLANG_WARN_ENUM_CONVERSION = YES;
				CLANG_WARN_INFINITE_RECURSION = YES;
				CLANG_WARN_INT_CONVERSION = YES;
				CLANG_WARN_NON_LITERAL_NULL_CONVERSION = YES;
				CLANG_WARN_OBJC_IMPLICIT_RETAIN_SELF = YES;
				CLANG_WARN_OBJC_LITERAL_CONVERSION = YES;
				CLANG_WARN_OBJC_ROOT_CLASS = YES_ERROR;
				CLANG_WARN_QUOTED_INCLUDE_IN_FRAMEWORK_HEADER = YES;
				CLANG_WARN_RANGE_LOOP_ANALYSIS = YES;
				CLANG_WARN_STRICT_PROTOTYPES = YES;
				CLANG_WARN_SUSPICIOUS_MOVE = YES;
				CLANG_WARN_UNGUARDED_AVAILABILITY = YES_AGGRESSIVE;
				CLANG_WARN_UNREACHABLE_CODE = YES;
				CLANG_WARN__DUPLICATE_METHOD_MATCH = YES;
				COPY_PHASE_STRIP = NO;
				DEBUG_INFORMATION_FORMAT = dwarf;
				ENABLE_STRICT_OBJC_MSGSEND = YES;
				ENABLE_TESTABILITY = YES;
				GCC_C_LANGUAGE_STANDARD = gnu11;
				GCC_DYNAMIC_NO_PIC = NO;
				GCC_NO_COMMON_BLOCKS = YES;
				GCC_OPTIMIZATION_LEVEL = 0;
				GCC_PREPROCESSOR_DEFINITIONS = (
					"DEBUG=1",
					"$(inherited)",
				);
				GCC_WARN_64_TO_32_BIT_CONVERSION = YES;
				GCC_WARN_ABOUT_RETURN_TYPE = YES_ERROR;
				GCC_WARN_UNDECLARED_SELECTOR = YES;
				GCC_WARN_UNINITIALIZED_AUTOS = YES_AGGRESSIVE;
				GCC_WARN_UNUSED_FUNCTION = YES;
				GCC_WARN_UNUSED_VARIABLE = YES;
				IPHONEOS_DEPLOYMENT_TARGET = 16.0;
				MTL_ENABLE_DEBUG_INFO = INCLUDE_SOURCE;
				MTL_FAST_MATH = YES;
				ONLY_ACTIVE_ARCH = YES;
				SDKROOT = iphoneos;
				SWIFT_ACTIVE_COMPILATION_CONDITIONS = DEBUG;
				SWIFT_OPTIMIZATION_LEVEL = "-Onone";
			};
			name = Debug;
		};
		A05C826728DA5B2700B2EDAB /* Release */ = {
			isa = XCBuildConfiguration;
			buildSettings = {
				ALWAYS_SEARCH_USER_PATHS = NO;
				CLANG_ANALYZER_NONNULL = YES;
				CLANG_ANALYZER_NUMBER_OBJECT_CONVERSION = YES_AGGRESSIVE;
				CLANG_CXX_LANGUAGE_STANDARD = "gnu++20";
				CLANG_ENABLE_MODULES = YES;
				CLANG_ENABLE_OBJC_ARC = YES;
				CLANG_ENABLE_OBJC_WEAK = YES;
				CLANG_WARN_BLOCK_CAPTURE_AUTORELEASING = YES;
				CLANG_WARN_BOOL_CONVERSION = YES;
				CLANG_WARN_COMMA = YES;
				CLANG_WARN_CONSTANT_CONVERSION = YES;
				CLANG_WARN_DEPRECATED_OBJC_IMPLEMENTATIONS = YES;
				CLANG_WARN_DIRECT_OBJC_ISA_USAGE = YES_ERROR;
				CLANG_WARN_DOCUMENTATION_COMMENTS = YES;
				CLANG_WARN_EMPTY_BODY = YES;
				CLANG_WARN_ENUM_CONVERSION = YES;
				CLANG_WARN_INFINITE_RECURSION = YES;
				CLANG_WARN_INT_CONVERSION = YES;
				CLANG_WARN_NON_LITERAL_NULL_CONVERSION = YES;
				CLANG_WARN_OBJC_IMPLICIT_RETAIN_SELF = YES;
				CLANG_WARN_OBJC_LITERAL_CONVERSION = YES;
				CLANG_WARN_OBJC_ROOT_CLASS = YES_ERROR;
				CLANG_WARN_QUOTED_INCLUDE_IN_FRAMEWORK_HEADER = YES;
				CLANG_WARN_RANGE_LOOP_ANALYSIS = YES;
				CLANG_WARN_STRICT_PROTOTYPES = YES;
				CLANG_WARN_SUSPICIOUS_MOVE = YES;
				CLANG_WARN_UNGUARDED_AVAILABILITY = YES_AGGRESSIVE;
				CLANG_WARN_UNREACHABLE_CODE = YES;
				CLANG_WARN__DUPLICATE_METHOD_MATCH = YES;
				COPY_PHASE_STRIP = NO;
				DEBUG_INFORMATION_FORMAT = "dwarf-with-dsym";
				ENABLE_NS_ASSERTIONS = NO;
				ENABLE_STRICT_OBJC_MSGSEND = YES;
				GCC_C_LANGUAGE_STANDARD = gnu11;
				GCC_NO_COMMON_BLOCKS = YES;
				GCC_WARN_64_TO_32_BIT_CONVERSION = YES;
				GCC_WARN_ABOUT_RETURN_TYPE = YES_ERROR;
				GCC_WARN_UNDECLARED_SELECTOR = YES;
				GCC_WARN_UNINITIALIZED_AUTOS = YES_AGGRESSIVE;
				GCC_WARN_UNUSED_FUNCTION = YES;
				GCC_WARN_UNUSED_VARIABLE = YES;
				IPHONEOS_DEPLOYMENT_TARGET = 16.0;
				MTL_ENABLE_DEBUG_INFO = NO;
				MTL_FAST_MATH = YES;
				SDKROOT = iphoneos;
				SWIFT_COMPILATION_MODE = wholemodule;
				SWIFT_OPTIMIZATION_LEVEL = "-O";
				VALIDATE_PRODUCT = YES;
			};
			name = Release;
		};
		A05C826928DA5B2700B2EDAB /* Debug */ = {
			isa = XCBuildConfiguration;
			buildSettings = {
				ASSETCATALOG_COMPILER_APPICON_NAME = AppIcon;
				ASSETCATALOG_COMPILER_GLOBAL_ACCENT_COLOR_NAME = AccentColor;
				CODE_SIGN_STYLE = Automatic;
				CURRENT_PROJECT_VERSION = 1;
				GENERATE_INFOPLIST_FILE = YES;
				INFOPLIST_FILE = "I am Rich/Info.plist";
				INFOPLIST_KEY_UIApplicationSupportsIndirectInputEvents = YES;
				INFOPLIST_KEY_UILaunchStoryboardName = LaunchScreen;
				INFOPLIST_KEY_UIMainStoryboardFile = Main;
				INFOPLIST_KEY_UISupportedInterfaceOrientations_iPad = "UIInterfaceOrientationPortrait UIInterfaceOrientationPortraitUpsideDown UIInterfaceOrientationLandscapeLeft UIInterfaceOrientationLandscapeRight";
				INFOPLIST_KEY_UISupportedInterfaceOrientations_iPhone = "UIInterfaceOrientationPortrait UIInterfaceOrientationLandscapeLeft UIInterfaceOrientationLandscapeRight";
				LD_RUNPATH_SEARCH_PATHS = (
					"$(inherited)",
					"@executable_path/Frameworks",
				);
				MARKETING_VERSION = 1.0;
				PRODUCT_BUNDLE_IDENTIFIER = "com.denizataes.I-am-Rich";
				PRODUCT_NAME = "$(TARGET_NAME)";
				SWIFT_EMIT_LOC_STRINGS = YES;
				SWIFT_VERSION = 5.0;
				TARGETED_DEVICE_FAMILY = "1,2";
			};
			name = Debug;
		};
		A05C826A28DA5B2700B2EDAB /* Release */ = {
			isa = XCBuildConfiguration;
			buildSettings = {
				ASSETCATALOG_COMPILER_APPICON_NAME = AppIcon;
				ASSETCATALOG_COMPILER_GLOBAL_ACCENT_COLOR_NAME = AccentColor;
				CODE_SIGN_STYLE = Automatic;
				CURRENT_PROJECT_VERSION = 1;
				GENERATE_INFOPLIST_FILE = YES;
				INFOPLIST_FILE = "I am Rich/Info.plist";
				INFOPLIST_KEY_UIApplicationSupportsIndirectInputEvents = YES;
				INFOPLIST_KEY_UILaunchStoryboardName = LaunchScreen;
				INFOPLIST_KEY_UIMainStoryboardFile = Main;
				INFOPLIST_KEY_UISupportedInterfaceOrientations_iPad = "UIInterfaceOrientationPortrait UIInterfaceOrientationPortraitUpsideDown UIInterfaceOrientationLandscapeLeft UIInterfaceOrientationLandscapeRight";
				INFOPLIST_KEY_UISupportedInterfaceOrientations_iPhone = "UIInterfaceOrientationPortrait UIInterfaceOrientationLandscapeLeft UIInterfaceOrientationLandscapeRight";
				LD_RUNPATH_SEARCH_PATHS = (
					"$(inherited)",
					"@executable_path/Frameworks",
				);
				MARKETING_VERSION = 1.0;
				PRODUCT_BUNDLE_IDENTIFIER = "com.denizataes.I-am-Rich";
				PRODUCT_NAME = "$(TARGET_NAME)";
				SWIFT_EMIT_LOC_STRINGS = YES;
				SWIFT_VERSION = 5.0;
				TARGETED_DEVICE_FAMILY = "1,2";
			};
			name = Release;
		};
		A05C826C28DA5B2700B2EDAB /* Debug */ = {
			isa = XCBuildConfiguration;
			buildSettings = {
				ALWAYS_EMBED_SWIFT_STANDARD_LIBRARIES = YES;
				BUNDLE_LOADER = "$(TEST_HOST)";
				CODE_SIGN_STYLE = Automatic;
				CURRENT_PROJECT_VERSION = 1;
				GENERATE_INFOPLIST_FILE = YES;
				IPHONEOS_DEPLOYMENT_TARGET = 16.0;
				MARKETING_VERSION = 1.0;
				PRODUCT_BUNDLE_IDENTIFIER = "com.denizataes.I-am-RichTests";
				PRODUCT_NAME = "$(TARGET_NAME)";
				SWIFT_EMIT_LOC_STRINGS = NO;
				SWIFT_VERSION = 5.0;
				TARGETED_DEVICE_FAMILY = "1,2";
				TEST_HOST = "$(BUILT_PRODUCTS_DIR)/I am Rich.app/$(BUNDLE_EXECUTABLE_FOLDER_PATH)/I am Rich";
			};
			name = Debug;
		};
		A05C826D28DA5B2700B2EDAB /* Release */ = {
			isa = XCBuildConfiguration;
			buildSettings = {
				ALWAYS_EMBED_SWIFT_STANDARD_LIBRARIES = YES;
				BUNDLE_LOADER = "$(TEST_HOST)";
				CODE_SIGN_STYLE = Automatic;
				CURRENT_PROJECT_VERSION = 1;
				GENERATE_INFOPLIST_FILE = YES;
				IPHONEOS_DEPLOYMENT_TARGET = 16.0;
				MARKETING_VERSION = 1.0;
				PRODUCT_BUNDLE_IDENTIFIER = "com.denizataes.I-am-RichTests";
				PRODUCT_NAME = "$(TARGET_NAME)";
				SWIFT_EMIT_LOC_STRINGS = NO;
				SWIFT_VERSION = 5.0;
				TARGETED_DEVICE_FAMILY = "1,2";
				TEST_HOST = "$(BUILT_PRODUCTS_DIR)/I am Rich.app/$(BUNDLE_EXECUTABLE_FOLDER_PATH)/I am Rich";
			};
			name = Release;
		};
		A05C826F28DA5B2700B2EDAB /* Debug */ = {
			isa = XCBuildConfiguration;
			buildSettings = {
				ALWAYS_EMBED_SWIFT_STANDARD_LIBRARIES = YES;
				CODE_SIGN_STYLE = Automatic;
				CURRENT_PROJECT_VERSION = 1;
				GENERATE_INFOPLIST_FILE = YES;
				MARKETING_VERSION = 1.0;
				PRODUCT_BUNDLE_IDENTIFIER = "com.denizataes.I-am-RichUITests";
				PRODUCT_NAME = "$(TARGET_NAME)";
				SWIFT_EMIT_LOC_STRINGS = NO;
				SWIFT_VERSION = 5.0;
				TARGETED_DEVICE_FAMILY = "1,2";
				TEST_TARGET_NAME = "I am Rich";
			};
			name = Debug;
		};
		A05C827028DA5B2700B2EDAB /* Release */ = {
			isa = XCBuildConfiguration;
			buildSettings = {
				ALWAYS_EMBED_SWIFT_STANDARD_LIBRARIES = YES;
				CODE_SIGN_STYLE = Automatic;
				CURRENT_PROJECT_VERSION = 1;
				GENERATE_INFOPLIST_FILE = YES;
				MARKETING_VERSION = 1.0;
				PRODUCT_BUNDLE_IDENTIFIER = "com.denizataes.I-am-RichUITests";
				PRODUCT_NAME = "$(TARGET_NAME)";
				SWIFT_EMIT_LOC_STRINGS = NO;
				SWIFT_VERSION = 5.0;
				TARGETED_DEVICE_FAMILY = "1,2";
				TEST_TARGET_NAME = "I am Rich";
			};
			name = Release;
		};
/* End XCBuildConfiguration section */

/* Begin XCConfigurationList section */
		A05C823928DA5B2600B2EDAB /* Build configuration list for PBXProject "I am Rich" */ = {
			isa = XCConfigurationList;
			buildConfigurations = (
				A05C826628DA5B2700B2EDAB /* Debug */,
				A05C826728DA5B2700B2EDAB /* Release */,
			);
			defaultConfigurationIsVisible = 0;
			defaultConfigurationName = Release;
		};
		A05C826828DA5B2700B2EDAB /* Build configuration list for PBXNativeTarget "I am Rich" */ = {
			isa = XCConfigurationList;
			buildConfigurations = (
				A05C826928DA5B2700B2EDAB /* Debug */,
				A05C826A28DA5B2700B2EDAB /* Release */,
			);
			defaultConfigurationIsVisible = 0;
			defaultConfigurationName = Release;
		};
		A05C826B28DA5B2700B2EDAB /* Build configuration list for PBXNativeTarget "I am RichTests" */ = {
			isa = XCConfigurationList;
			buildConfigurations = (
				A05C826C28DA5B2700B2EDAB /* Debug */,
				A05C826D28DA5B2700B2EDAB /* Release */,
			);
			defaultConfigurationIsVisible = 0;
			defaultConfigurationName = Release;
		};
		A05C826E28DA5B2700B2EDAB /* Build configuration list for PBXNativeTarget "I am RichUITests" */ = {
			isa = XCConfigurationList;
			buildConfigurations = (
				A05C826F28DA5B2700B2EDAB /* Debug */,
				A05C827028DA5B2700B2EDAB /* Release */,
			);
			defaultConfigurationIsVisible = 0;
			defaultConfigurationName = Release;
		};
/* End XCConfigurationList section */
	};
	rootObject = A05C823628DA5B2600B2EDAB /* Project object */;
}
